
Microsoft Visual Studio Solution File, Format Version 12.00
# Visual Studio Version 16
VisualStudioVersion = 16.0.30413.136
MinimumVisualStudioVersion = 10.0.40219.1
Project("{FAE04EC0-301F-11D3-BF4B-00C04F79EFBC}") = "Voicemeeter-volume", "Voicemeeter-volume\Voicemeeter-volume.csproj", "{BDEC14CE-F0BE-4EB5-98F3-19CAB90CFA15}"
EndProject
Global
	GlobalSection(SolutionConfigurationPlatforms) = preSolution
		Debug|Any CPU = Debug|Any CPU
		Release|Any CPU = Release|Any CPU
	EndGlobalSection
	GlobalSection(ProjectConfigurationPlatforms) = postSolution
		{BDEC14CE-F0BE-4EB5-98F3-19CAB90CFA15}.Debug|Any CPU.ActiveCfg = Debug|Any CPU
		{BDEC14CE-F0BE-4EB5-98F3-19CAB90CFA15}.Debug|Any CPU.Build.0 = Debug|Any CPU
		{BDEC14CE-F0BE-4EB5-98F3-19CAB90CFA15}.Release|Any CPU.ActiveCfg = Release|Any CPU
		{BDEC14CE-F0BE-4EB5-98F3-19CAB90CFA15}.Release|Any CPU.Build.0 = Release|Any CPU
	EndGlobalSection
	GlobalSection(SolutionProperties) = preSolution
		HideSolutionNode = FALSE
	EndGlobalSection
	GlobalSection(ExtensibilityGlobals) = postSolution
		SolutionGuid = {140F2389-8030-4D41-8986-08B930BAC53D}
	EndGlobalSection
EndGlobal
